
Microsoft Visual Studio Solution File, Format Version 12.00
# Visual Studio Version 17
VisualStudioVersion = 17.8.34309.116
MinimumVisualStudioVersion = 10.0.40219.1
Project("{FAE04EC0-301F-11D3-BF4B-00C04F79EFBC}") = "Responsi2Junpro", "Responsi2Junpro.csproj", "{5D081D5C-4413-44AD-9195-BC06DDF8BAAB}"
EndProject
Global
	GlobalSection(SolutionConfigurationPlatforms) = preSolution
		Debug|Any CPU = Debug|Any CPU
		Release|Any CPU = Release|Any CPU
	EndGlobalSection
	GlobalSection(ProjectConfigurationPlatforms) = postSolution
		{5D081D5C-4413-44AD-9195-BC06DDF8BAAB}.Debug|Any CPU.ActiveCfg = Debug|Any CPU
		{5D081D5C-4413-44AD-9195-BC06DDF8BAAB}.Debug|Any CPU.Build.0 = Debug|Any CPU
		{5D081D5C-4413-44AD-9195-BC06DDF8BAAB}.Release|Any CPU.ActiveCfg = Release|Any CPU
		{5D081D5C-4413-44AD-9195-BC06DDF8BAAB}.Release|Any CPU.Build.0 = Release|Any CPU
	EndGlobalSection
	GlobalSection(SolutionProperties) = preSolution
		HideSolutionNode = FALSE
	EndGlobalSection
	GlobalSection(ExtensibilityGlobals) = postSolution
		SolutionGuid = {38BDE26A-7822-4E96-BD90-DD673A19CC7E}
	EndGlobalSection
EndGlobal
